
Microsoft Visual Studio Solution File, Format Version 12.00
# Visual Studio Version 17
VisualStudioVersion = 17.5.002.0
MinimumVisualStudioVersion = 10.0.40219.1
Project("{9A19103F-16F7-4668-BE54-9A1E7A4F7556}") = "Shared", "Shared\Shared.csproj", "{610DA55D-B854-48CB-9631-B2496DA4E1F5}"
EndProject
Project("{9A19103F-16F7-4668-BE54-9A1E7A4F7556}") = "ScanSongLibraryJson", "ScanSongLibraryJson\ScanSongLibraryJson.csproj", "{B82199F6-16C6-48E8-8713-AF244DB7AB2D}"
EndProject
Project("{9A19103F-16F7-4668-BE54-9A1E7A4F7556}") = "DataGrid", "DataGrid\DataGrid.csproj", "{C0809CC2-5669-44A9-AB2D-696802D322D7}"
EndProject
Project("{9A19103F-16F7-4668-BE54-9A1E7A4F7556}") = "UsDbDownloader", "UsDbDownloader\UsDbDownloader.csproj", "{9FCE3325-3CEB-4ECB-9649-5D3285205A47}"
EndProject
Global
	GlobalSection(SolutionConfigurationPlatforms) = preSolution
		Debug|Any CPU = Debug|Any CPU
		Release|Any CPU = Release|Any CPU
	EndGlobalSection
	GlobalSection(ProjectConfigurationPlatforms) = postSolution
		{610DA55D-B854-48CB-9631-B2496DA4E1F5}.Debug|Any CPU.ActiveCfg = Debug|Any CPU
		{610DA55D-B854-48CB-9631-B2496DA4E1F5}.Debug|Any CPU.Build.0 = Debug|Any CPU
		{610DA55D-B854-48CB-9631-B2496DA4E1F5}.Release|Any CPU.ActiveCfg = Release|Any CPU
		{610DA55D-B854-48CB-9631-B2496DA4E1F5}.Release|Any CPU.Build.0 = Release|Any CPU
		{B82199F6-16C6-48E8-8713-AF244DB7AB2D}.Debug|Any CPU.ActiveCfg = Debug|Any CPU
		{B82199F6-16C6-48E8-8713-AF244DB7AB2D}.Debug|Any CPU.Build.0 = Debug|Any CPU
		{B82199F6-16C6-48E8-8713-AF244DB7AB2D}.Release|Any CPU.ActiveCfg = Release|Any CPU
		{B82199F6-16C6-48E8-8713-AF244DB7AB2D}.Release|Any CPU.Build.0 = Release|Any CPU
		{C0809CC2-5669-44A9-AB2D-696802D322D7}.Debug|Any CPU.ActiveCfg = Debug|Any CPU
		{C0809CC2-5669-44A9-AB2D-696802D322D7}.Debug|Any CPU.Build.0 = Debug|Any CPU
		{C0809CC2-5669-44A9-AB2D-696802D322D7}.Release|Any CPU.ActiveCfg = Release|Any CPU
		{C0809CC2-5669-44A9-AB2D-696802D322D7}.Release|Any CPU.Build.0 = Release|Any CPU
		{9FCE3325-3CEB-4ECB-9649-5D3285205A47}.Debug|Any CPU.ActiveCfg = Debug|Any CPU
		{9FCE3325-3CEB-4ECB-9649-5D3285205A47}.Debug|Any CPU.Build.0 = Debug|Any CPU
		{9FCE3325-3CEB-4ECB-9649-5D3285205A47}.Release|Any CPU.ActiveCfg = Release|Any CPU
		{9FCE3325-3CEB-4ECB-9649-5D3285205A47}.Release|Any CPU.Build.0 = Release|Any CPU
	EndGlobalSection
	GlobalSection(SolutionProperties) = preSolution
		HideSolutionNode = FALSE
	EndGlobalSection
	GlobalSection(ExtensibilityGlobals) = postSolution
		SolutionGuid = {675884E6-C84C-4164-B0E5-B9B63E541333}
	EndGlobalSection
EndGlobal
